
Microsoft Visual Studio Solution File, Format Version 12.00
# Visual Studio Version 17
VisualStudioVersion = 17.5.33627.172
MinimumVisualStudioVersion = 10.0.40219.1
Project("{FAE04EC0-301F-11D3-BF4B-00C04F79EFBC}") = "Adress_Book_System", "Adress_Book_System\Adress_Book_System.csproj", "{054BAEF7-7985-43C0-BFA1-7C8FE61D1EBC}"
EndProject
Global
	GlobalSection(SolutionConfigurationPlatforms) = preSolution
		Debug|Any CPU = Debug|Any CPU
		Release|Any CPU = Release|Any CPU
	EndGlobalSection
	GlobalSection(ProjectConfigurationPlatforms) = postSolution
		{054BAEF7-7985-43C0-BFA1-7C8FE61D1EBC}.Debug|Any CPU.ActiveCfg = Debug|Any CPU
		{054BAEF7-7985-43C0-BFA1-7C8FE61D1EBC}.Debug|Any CPU.Build.0 = Debug|Any CPU
		{054BAEF7-7985-43C0-BFA1-7C8FE61D1EBC}.Release|Any CPU.ActiveCfg = Release|Any CPU
		{054BAEF7-7985-43C0-BFA1-7C8FE61D1EBC}.Release|Any CPU.Build.0 = Release|Any CPU
	EndGlobalSection
	GlobalSection(SolutionProperties) = preSolution
		HideSolutionNode = FALSE
	EndGlobalSection
	GlobalSection(ExtensibilityGlobals) = postSolution
		SolutionGuid = {756948C9-BD44-4024-90FA-6C56A35E3939}
	EndGlobalSection
EndGlobal
